// !$*UTF8*$!
{
	archiveVersion = 1;
	classes = {
	};
	objectVersion = 48;
	objects = {

/* Begin PBXBuildFile section */
		36AD93361F999C5C00E6F203 /* AppDelegate.m in Sources */ = {isa = PBXBuildFile; fileRef = 36AD93351F999C5C00E6F203 /* AppDelegate.m */; };
		36AD933C1F999C5C00E6F203 /* Main.storyboard in Resources */ = {isa = PBXBuildFile; fileRef = 36AD933A1F999C5C00E6F203 /* Main.storyboard */; };
		36AD933E1F999C5C00E6F203 /* Assets.xcassets in Resources */ = {isa = PBXBuildFile; fileRef = 36AD933D1F999C5C00E6F203 /* Assets.xcassets */; };
		36AD93411F999C5C00E6F203 /* LaunchScreen.storyboard in Resources */ = {isa = PBXBuildFile; fileRef = 36AD933F1F999C5C00E6F203 /* LaunchScreen.storyboard */; };
		36AD93441F999C5C00E6F203 /* main.m in Sources */ = {isa = PBXBuildFile; fileRef = 36AD93431F999C5C00E6F203 /* main.m */; };
		36AD93501F99A00600E6F203 /* friend.plist in Resources */ = {isa = PBXBuildFile; fileRef = 36AD934F1F999CE800E6F203 /* friend.plist */; };
		36AD93531F99A22500E6F203 /* LJMFriendModel.m in Sources */ = {isa = PBXBuildFile; fileRef = 36AD93521F99A22500E6F203 /* LJMFriendModel.m */; };
		36AD93561F99A27000E6F203 /* LJMQQFriendsTableViewController.m in Sources */ = {isa = PBXBuildFile; fileRef = 36AD93551F99A27000E6F203 /* LJMQQFriendsTableViewController.m */; };
		36AD93591F99A99000E6F203 /* LJMGroup.m in Sources */ = {isa = PBXBuildFile; fileRef = 36AD93581F99A99000E6F203 /* LJMGroup.m */; };
/* End PBXBuildFile section */

/* Begin PBXFileReference section */
		36AD93311F999C5C00E6F203 /* friend_tableview.app */ = {isa = PBXFileReference; explicitFileType = wrapper.application; includeInIndex = 0; path = friend_tableview.app; sourceTree = BUILT_PRODUCTS_DIR; };
		36AD93341F999C5C00E6F203 /* AppDelegate.h */ = {isa = PBXFileReference; lastKnownFileType = sourcecode.c.h; path = AppDelegate.h; sourceTree = "<group>"; };
		36AD93351F999C5C00E6F203 /* AppDelegate.m */ = {isa = PBXFileReference; lastKnownFileType = sourcecode.c.objc; path = AppDelegate.m; sourceTree = "<group>"; };
		36AD933B1F999C5C00E6F203 /* Base */ = {isa = PBXFileReference; lastKnownFileType = file.storyboard; name = Base; path = Base.lproj/Main.storyboard; sourceTree = "<group>"; };
		36AD933D1F999C5C00E6F203 /* Assets.xcassets */ = {isa = PBXFileReference; lastKnownFileType = folder.assetcatalog; path = Assets.xcassets; sourceTree = "<group>"; };
		36AD93401F999C5C00E6F203 /* Base */ = {isa = PBXFileReference; lastKnownFileType = file.storyboard; name = Base; path = Base.lproj/LaunchScreen.storyboard; sourceTree = "<group>"; };
		36AD93421F999C5C00E6F203 /* Info.plist */ = {isa = PBXFileReference; lastKnownFileType = text.plist.xml; path = Info.plist; sourceTree = "<group>"; };
		36AD93431F999C5C00E6F203 /* main.m */ = {isa = PBXFileReference; lastKnownFileType = sourcecode.c.objc; path = main.m; sourceTree = "<group>"; };
		36AD934F1F999CE800E6F203 /* friend.plist */ = {isa = PBXFileReference; lastKnownFileType = text.plist.xml; path = friend.plist; sourceTree = "<group>"; };
		36AD93511F99A22500E6F203 /* LJMFriendModel.h */ = {isa = PBXFileReference; lastKnownFileType = sourcecode.c.h; path = LJMFriendModel.h; sourceTree = "<group>"; };
		36AD93521F99A22500E6F203 /* LJMFriendModel.m */ = {isa = PBXFileReference; lastKnownFileType = sourcecode.c.objc; path = LJMFriendModel.m; sourceTree = "<group>"; };
		36AD93541F99A27000E6F203 /* LJMQQFriendsTableViewController.h */ = {isa = PBXFileReference; lastKnownFileType = sourcecode.c.h; path = LJMQQFriendsTableViewController.h; sourceTree = "<group>"; };
		36AD93551F99A27000E6F203 /* LJMQQFriendsTableViewController.m */ = {isa = PBXFileReference; lastKnownFileType = sourcecode.c.objc; path = LJMQQFriendsTableViewController.m; sourceTree = "<group>"; };
		36AD93571F99A99000E6F203 /* LJMGroup.h */ = {isa = PBXFileReference; lastKnownFileType = sourcecode.c.h; path = LJMGroup.h; sourceTree = "<group>"; };
		36AD93581F99A99000E6F203 /* LJMGroup.m */ = {isa = PBXFileReference; lastKnownFileType = sourcecode.c.objc; path = LJMGroup.m; sourceTree = "<group>"; };
/* End PBXFileReference section */

/* Begin PBXFrameworksBuildPhase section */
		36AD932E1F999C5C00E6F203 /* Frameworks */ = {
			isa = PBXFrameworksBuildPhase;
			buildActionMask = 2147483647;
			files = (
			);
			runOnlyForDeploymentPostprocessing = 0;
		};
/* End PBXFrameworksBuildPhase section */

/* Begin PBXGroup section */
		36AD93281F999C5C00E6F203 = {
			isa = PBXGroup;
			children = (
				36AD93331F999C5C00E6F203 /* friend_tableview */,
				36AD93321F999C5C00E6F203 /* Products */,
			);
			sourceTree = "<group>";
		};
		36AD93321F999C5C00E6F203 /* Products */ = {
			isa = PBXGroup;
			children = (
				36AD93311F999C5C00E6F203 /* friend_tableview.app */,
			);
			name = Products;
			sourceTree = "<group>";
		};
		36AD93331F999C5C00E6F203 /* friend_tableview */ = {
			isa = PBXGroup;
			children = (
				36AD934E1F999CAA00E6F203 /* System Files */,
				36AD934D1F999C8A00E6F203 /* Models */,
				36AD934C1F999C8400E6F203 /* Views */,
				36AD934B1F999C7900E6F203 /* Controllers */,
				36AD934A1F999C6B00E6F203 /* Others */,
			);
			path = friend_tableview;
			sourceTree = "<group>";
		};
		36AD934A1F999C6B00E6F203 /* Others */ = {
			isa = PBXGroup;
			children = (
				36AD93341F999C5C00E6F203 /* AppDelegate.h */,
				36AD93351F999C5C00E6F203 /* AppDelegate.m */,
			);
			path = Others;
			sourceTree = "<group>";
		};
		36AD934B1F999C7900E6F203 /* Controllers */ = {
			isa = PBXGroup;
			children = (
				36AD93541F99A27000E6F203 /* LJMQQFriendsTableViewController.h */,
				36AD93551F99A27000E6F203 /* LJMQQFriendsTableViewController.m */,
			);
			path = Controllers;
			sourceTree = "<group>";
		};
		36AD934C1F999C8400E6F203 /* Views */ = {
			isa = PBXGroup;
			children = (
				36AD933A1F999C5C00E6F203 /* Main.storyboard */,
				36AD933F1F999C5C00E6F203 /* LaunchScreen.storyboard */,
			);
			path = Views;
			sourceTree = "<group>";
		};
		36AD934D1F999C8A00E6F203 /* Models */ = {
			isa = PBXGroup;
			children = (
				36AD93511F99A22500E6F203 /* LJMFriendModel.h */,
				36AD93521F99A22500E6F203 /* LJMFriendModel.m */,
				36AD93571F99A99000E6F203 /* LJMGroup.h */,
				36AD93581F99A99000E6F203 /* LJMGroup.m */,
			);
			path = Models;
			sourceTree = "<group>";
		};
		36AD934E1F999CAA00E6F203 /* System Files */ = {
			isa = PBXGroup;
			children = (
				36AD93431F999C5C00E6F203 /* main.m */,
				36AD934F1F999CE800E6F203 /* friend.plist */,
				36AD93421F999C5C00E6F203 /* Info.plist */,
				36AD933D1F999C5C00E6F203 /* Assets.xcassets */,
			);
			path = "System Files";
			sourceTree = "<group>";
		};
/* End PBXGroup section */

/* Begin PBXNativeTarget section */
		36AD93301F999C5C00E6F203 /* friend_tableview */ = {
			isa = PBXNativeTarget;
			buildConfigurationList = 36AD93471F999C5C00E6F203 /* Build configuration list for PBXNativeTarget "friend_tableview" */;
			buildPhases = (
				36AD932D1F999C5C00E6F203 /* Sources */,
				36AD932E1F999C5C00E6F203 /* Frameworks */,
				36AD932F1F999C5C00E6F203 /* Resources */,
			);
			buildRules = (
			);
			dependencies = (
			);
			name = friend_tableview;
			productName = friend_tableview;
			productReference = 36AD93311F999C5C00E6F203 /* friend_tableview.app */;
			productType = "com.apple.product-type.application";
		};
/* End PBXNativeTarget section */

/* Begin PBXProject section */
		36AD93291F999C5C00E6F203 /* Project object */ = {
			isa = PBXProject;
			attributes = {
				CLASSPREFIX = LJM;
				LastUpgradeCheck = 0900;
				ORGANIZATIONNAME = ljm;
				TargetAttributes = {
					36AD93301F999C5C00E6F203 = {
						CreatedOnToolsVersion = 9.0;
						ProvisioningStyle = Automatic;
					};
				};
			};
			buildConfigurationList = 36AD932C1F999C5C00E6F203 /* Build configuration list for PBXProject "friend_tableview" */;
			compatibilityVersion = "Xcode 8.0";
			developmentRegion = en;
			hasScannedForEncodings = 0;
			knownRegions = (
				en,
				Base,
			);
			mainGroup = 36AD93281F999C5C00E6F203;
			productRefGroup = 36AD93321F999C5C00E6F203 /* Products */;
			projectDirPath = "";
			projectRoot = "";
			targets = (
				36AD93301F999C5C00E6F203 /* friend_tableview */,
			);
		};
/* End PBXProject section */

/* Begin PBXResourcesBuildPhase section */
		36AD932F1F999C5C00E6F203 /* Resources */ = {
			isa = PBXResourcesBuildPhase;
			buildActionMask = 2147483647;
			files = (
				36AD93501F99A00600E6F203 /* friend.plist in Resources */,
				36AD93411F999C5C00E6F203 /* LaunchScreen.storyboard in Resources */,
				36AD933E1F999C5C00E6F203 /* Assets.xcassets in Resources */,
				36AD933C1F999C5C00E6F203 /* Main.storyboard in Resources */,
			);
			runOnlyForDeploymentPostprocessing = 0;
		};
/* End PBXResourcesBuildPhase section */

/* Begin PBXSourcesBuildPhase section */
		36AD932D1F999C5C00E6F203 /* Sources */ = {
			isa = PBXSourcesBuildPhase;
			buildActionMask = 2147483647;
			files = (
				36AD93441F999C5C00E6F203 /* main.m in Sources */,
				36AD93561F99A27000E6F203 /* LJMQQFriendsTableViewController.m in Sources */,
				36AD93531F99A22500E6F203 /* LJMFriendModel.m in Sources */,
				36AD93591F99A99000E6F203 /* LJMGroup.m in Sources */,
				36AD93361F999C5C00E6F203 /* AppDelegate.m in Sources */,
			);
			runOnlyForDeploymentPostprocessing = 0;
		};
/* End PBXSourcesBuildPhase section */

/* Begin PBXVariantGroup section */
		36AD933A1F999C5C00E6F203 /* Main.storyboard */ = {
			isa = PBXVariantGroup;
			children = (
				36AD933B1F999C5C00E6F203 /* Base */,
			);
			name = Main.storyboard;
			sourceTree = "<group>";
		};
		36AD933F1F999C5C00E6F203 /* LaunchScreen.storyboard */ = {
			isa = PBXVariantGroup;
			children = (
				36AD93401F999C5C00E6F203 /* Base */,
			);
			name = LaunchScreen.storyboard;
			sourceTree = "<group>";
		};
/* End PBXVariantGroup section */

/* Begin XCBuildConfiguration section */
		36AD93451F999C5C00E6F203 /* Debug */ = {
			isa = XCBuildConfiguration;
			buildSettings = {
				ALWAYS_SEARCH_USER_PATHS = NO;
				CLANG_ANALYZER_NONNULL = YES;
				CLANG_ANALYZER_NUMBER_OBJECT_CONVERSION = YES_AGGRESSIVE;
				CLANG_CXX_LANGUAGE_STANDARD = "gnu++14";
				CLANG_CXX_LIBRARY = "libc++";
				CLANG_ENABLE_MODULES = YES;
				CLANG_ENABLE_OBJC_ARC = YES;
				CLANG_WARN_BLOCK_CAPTURE_AUTORELEASING = YES;
				CLANG_WARN_BOOL_CONVERSION = YES;
				CLANG_WARN_COMMA = YES;
				CLANG_WARN_CONSTANT_CONVERSION = YES;
				CLANG_WARN_DIRECT_OBJC_ISA_USAGE = YES_ERROR;
				CLANG_WARN_DOCUMENTATION_COMMENTS = YES;
				CLANG_WARN_EMPTY_BODY = YES;
				CLANG_WARN_ENUM_CONVERSION = YES;
				CLANG_WARN_INFINITE_RECURSION = YES;
				CLANG_WARN_INT_CONVERSION = YES;
				CLANG_WARN_NON_LITERAL_NULL_CONVERSION = YES;
				CLANG_WARN_OBJC_LITERAL_CONVERSION = YES;
				CLANG_WARN_OBJC_ROOT_CLASS = YES_ERROR;
				CLANG_WARN_RANGE_LOOP_ANALYSIS = YES;
				CLANG_WARN_STRICT_PROTOTYPES = YES;
				CLANG_WARN_SUSPICIOUS_MOVE = YES;
				CLANG_WARN_UNGUARDED_AVAILABILITY = YES_AGGRESSIVE;
				CLANG_WARN_UNREACHABLE_CODE = YES;
				CLANG_WARN__DUPLICATE_METHOD_MATCH = YES;
				CODE_SIGN_IDENTITY = "iPhone Developer";
				COPY_PHASE_STRIP = NO;
				DEBUG_INFORMATION_FORMAT = dwarf;
				ENABLE_STRICT_OBJC_MSGSEND = YES;
				ENABLE_TESTABILITY = YES;
				GCC_C_LANGUAGE_STANDARD = gnu11;
				GCC_DYNAMIC_NO_PIC = NO;
				GCC_NO_COMMON_BLOCKS = YES;
				GCC_OPTIMIZATION_LEVEL = 0;
				GCC_PREPROCESSOR_DEFINITIONS = (
					"DEBUG=1",
					"$(inherited)",
				);
				GCC_WARN_64_TO_32_BIT_CONVERSION = YES;
				GCC_WARN_ABOUT_RETURN_TYPE = YES_ERROR;
				GCC_WARN_UNDECLARED_SELECTOR = YES;
				GCC_WARN_UNINITIALIZED_AUTOS = YES_AGGRESSIVE;
				GCC_WARN_UNUSED_FUNCTION = YES;
				GCC_WARN_UNUSED_VARIABLE = YES;
				IPHONEOS_DEPLOYMENT_TARGET = 11.0;
				MTL_ENABLE_DEBUG_INFO = YES;
				ONLY_ACTIVE_ARCH = YES;
				SDKROOT = iphoneos;
			};
			name = Debug;
		};
		36AD93461F999C5C00E6F203 /* Release */ = {
			isa = XCBuildConfiguration;
			buildSettings = {
				ALWAYS_SEARCH_USER_PATHS = NO;
				CLANG_ANALYZER_NONNULL = YES;
				CLANG_ANALYZER_NUMBER_OBJECT_CONVERSION = YES_AGGRESSIVE;
				CLANG_CXX_LANGUAGE_STANDARD = "gnu++14";
				CLANG_CXX_LIBRARY = "libc++";
				CLANG_ENABLE_MODULES = YES;
				CLANG_ENABLE_OBJC_ARC = YES;
				CLANG_WARN_BLOCK_CAPTURE_AUTORELEASING = YES;
				CLANG_WARN_BOOL_CONVERSION = YES;
				CLANG_WARN_COMMA = YES;
				CLANG_WARN_CONSTANT_CONVERSION = YES;
				CLANG_WARN_DIRECT_OBJC_ISA_USAGE = YES_ERROR;
				CLANG_WARN_DOCUMENTATION_COMMENTS = YES;
				CLANG_WARN_EMPTY_BODY = YES;
				CLANG_WARN_ENUM_CONVERSION = YES;
				CLANG_WARN_INFINITE_RECURSION = YES;
				CLANG_WARN_INT_CONVERSION = YES;
				CLANG_WARN_NON_LITERAL_NULL_CONVERSION = YES;
				CLANG_WARN_OBJC_LITERAL_CONVERSION = YES;
				CLANG_WARN_OBJC_ROOT_CLASS = YES_ERROR;
				CLANG_WARN_RANGE_LOOP_ANALYSIS = YES;
				CLANG_WARN_STRICT_PROTOTYPES = YES;
				CLANG_WARN_SUSPICIOUS_MOVE = YES;
				CLANG_WARN_UNGUARDED_AVAILABILITY = YES_AGGRESSIVE;
				CLANG_WARN_UNREACHABLE_CODE = YES;
				CLANG_WARN__DUPLICATE_METHOD_MATCH = YES;
				CODE_SIGN_IDENTITY = "iPhone Developer";
				COPY_PHASE_STRIP = NO;
				DEBUG_INFORMATION_FORMAT = "dwarf-with-dsym";
				ENABLE_NS_ASSERTIONS = NO;
				ENABLE_STRICT_OBJC_MSGSEND = YES;
				GCC_C_LANGUAGE_STANDARD = gnu11;
				GCC_NO_COMMON_BLOCKS = YES;
				GCC_WARN_64_TO_32_BIT_CONVERSION = YES;
				GCC_WARN_ABOUT_RETURN_TYPE = YES_ERROR;
				GCC_WARN_UNDECLARED_SELECTOR = YES;
				GCC_WARN_UNINITIALIZED_AUTOS = YES_AGGRESSIVE;
				GCC_WARN_UNUSED_FUNCTION = YES;
				GCC_WARN_UNUSED_VARIABLE = YES;
				IPHONEOS_DEPLOYMENT_TARGET = 11.0;
				MTL_ENABLE_DEBUG_INFO = NO;
				SDKROOT = iphoneos;
				VALIDATE_PRODUCT = YES;
			};
			name = Release;
		};
		36AD93481F999C5C00E6F203 /* Debug */ = {
			isa = XCBuildConfiguration;
			buildSettings = {
				ASSETCATALOG_COMPILER_APPICON_NAME = AppIcon;
				CODE_SIGN_STYLE = Automatic;
				DEVELOPMENT_TEAM = 2PC8J9MPF4;
				INFOPLIST_FILE = "$(SRCROOT)/friend_tableview/System Files/Info.plist";
				LD_RUNPATH_SEARCH_PATHS = "$(inherited) @executable_path/Frameworks";
				PRODUCT_BUNDLE_IDENTIFIER = "com.ljm.friend-tableview";
				PRODUCT_NAME = "$(TARGET_NAME)";
				TARGETED_DEVICE_FAMILY = "1,2";
			};
			name = Debug;
		};
		36AD93491F999C5C00E6F203 /* Release */ = {
			isa = XCBuildConfiguration;
			buildSettings = {
				ASSETCATALOG_COMPILER_APPICON_NAME = AppIcon;
				CODE_SIGN_STYLE = Automatic;
				DEVELOPMENT_TEAM = 2PC8J9MPF4;
				INFOPLIST_FILE = "$(SRCROOT)/friend_tableview/System Files/Info.plist";
				LD_RUNPATH_SEARCH_PATHS = "$(inherited) @executable_path/Frameworks";
				PRODUCT_BUNDLE_IDENTIFIER = "com.ljm.friend-tableview";
				PRODUCT_NAME = "$(TARGET_NAME)";
				TARGETED_DEVICE_FAMILY = "1,2";
			};
			name = Release;
		};
/* End XCBuildConfiguration section */

/* Begin XCConfigurationList section */
		36AD932C1F999C5C00E6F203 /* Build configuration list for PBXProject "friend_tableview" */ = {
			isa = XCConfigurationList;
			buildConfigurations = (
				36AD93451F999C5C00E6F203 /* Debug */,
				36AD93461F999C5C00E6F203 /* Release */,
			);
			defaultConfigurationIsVisible = 0;
			defaultConfigurationName = Release;
		};
		36AD93471F999C5C00E6F203 /* Build configuration list for PBXNativeTarget "friend_tableview" */ = {
			isa = XCConfigurationList;
			buildConfigurations = (
				36AD93481F999C5C00E6F203 /* Debug */,
				36AD93491F999C5C00E6F203 /* Release */,
			);
			defaultConfigurationIsVisible = 0;
			defaultConfigurationName = Release;
		};
/* End XCConfigurationList section */
	};
	rootObject = 36AD93291F999C5C00E6F203 /* Project object */;
}
