// !$*UTF8*$!
{
	archiveVersion = 1;
	classes = {
	};
	objectVersion = 48;
	objects = {

/* Begin PBXBuildFile section */
		3657F7541F8B13210006706D /* AppDelegate.m in Sources */ = {isa = PBXBuildFile; fileRef = 3657F7531F8B13210006706D /* AppDelegate.m */; };
		3657F7571F8B13210006706D /* ViewController.m in Sources */ = {isa = PBXBuildFile; fileRef = 3657F7561F8B13210006706D /* ViewController.m */; };
		3657F75A1F8B13210006706D /* Main.storyboard in Resources */ = {isa = PBXBuildFile; fileRef = 3657F7581F8B13210006706D /* Main.storyboard */; };
		3657F75C1F8B13210006706D /* Assets.xcassets in Resources */ = {isa = PBXBuildFile; fileRef = 3657F75B1F8B13210006706D /* Assets.xcassets */; };
		3657F75F1F8B13210006706D /* LaunchScreen.storyboard in Resources */ = {isa = PBXBuildFile; fileRef = 3657F75D1F8B13210006706D /* LaunchScreen.storyboard */; };
		3657F7621F8B13210006706D /* main.m in Sources */ = {isa = PBXBuildFile; fileRef = 3657F7611F8B13210006706D /* main.m */; };
/* End PBXBuildFile section */

/* Begin PBXFileReference section */
		3657F74F1F8B13210006706D /* UIScrollview_contentOffset.app */ = {isa = PBXFileReference; explicitFileType = wrapper.application; includeInIndex = 0; path = UIScrollview_contentOffset.app; sourceTree = BUILT_PRODUCTS_DIR; };
		3657F7521F8B13210006706D /* AppDelegate.h */ = {isa = PBXFileReference; lastKnownFileType = sourcecode.c.h; path = AppDelegate.h; sourceTree = "<group>"; };
		3657F7531F8B13210006706D /* AppDelegate.m */ = {isa = PBXFileReference; lastKnownFileType = sourcecode.c.objc; path = AppDelegate.m; sourceTree = "<group>"; };
		3657F7551F8B13210006706D /* ViewController.h */ = {isa = PBXFileReference; lastKnownFileType = sourcecode.c.h; path = ViewController.h; sourceTree = "<group>"; };
		3657F7561F8B13210006706D /* ViewController.m */ = {isa = PBXFileReference; lastKnownFileType = sourcecode.c.objc; path = ViewController.m; sourceTree = "<group>"; };
		3657F7591F8B13210006706D /* Base */ = {isa = PBXFileReference; lastKnownFileType = file.storyboard; name = Base; path = Base.lproj/Main.storyboard; sourceTree = "<group>"; };
		3657F75B1F8B13210006706D /* Assets.xcassets */ = {isa = PBXFileReference; lastKnownFileType = folder.assetcatalog; path = Assets.xcassets; sourceTree = "<group>"; };
		3657F75E1F8B13210006706D /* Base */ = {isa = PBXFileReference; lastKnownFileType = file.storyboard; name = Base; path = Base.lproj/LaunchScreen.storyboard; sourceTree = "<group>"; };
		3657F7601F8B13210006706D /* Info.plist */ = {isa = PBXFileReference; lastKnownFileType = text.plist.xml; path = Info.plist; sourceTree = "<group>"; };
		3657F7611F8B13210006706D /* main.m */ = {isa = PBXFileReference; lastKnownFileType = sourcecode.c.objc; path = main.m; sourceTree = "<group>"; };
/* End PBXFileReference section */

/* Begin PBXFrameworksBuildPhase section */
		3657F74C1F8B13210006706D /* Frameworks */ = {
			isa = PBXFrameworksBuildPhase;
			buildActionMask = 2147483647;
			files = (
			);
			runOnlyForDeploymentPostprocessing = 0;
		};
/* End PBXFrameworksBuildPhase section */

/* Begin PBXGroup section */
		3657F7461F8B13210006706D = {
			isa = PBXGroup;
			children = (
				3657F7511F8B13210006706D /* UIScrollview_contentOffset */,
				3657F7501F8B13210006706D /* Products */,
			);
			sourceTree = "<group>";
		};
		3657F7501F8B13210006706D /* Products */ = {
			isa = PBXGroup;
			children = (
				3657F74F1F8B13210006706D /* UIScrollview_contentOffset.app */,
			);
			name = Products;
			sourceTree = "<group>";
		};
		3657F7511F8B13210006706D /* UIScrollview_contentOffset */ = {
			isa = PBXGroup;
			children = (
				3657F7521F8B13210006706D /* AppDelegate.h */,
				3657F7531F8B13210006706D /* AppDelegate.m */,
				3657F7551F8B13210006706D /* ViewController.h */,
				3657F7561F8B13210006706D /* ViewController.m */,
				3657F7581F8B13210006706D /* Main.storyboard */,
				3657F75B1F8B13210006706D /* Assets.xcassets */,
				3657F75D1F8B13210006706D /* LaunchScreen.storyboard */,
				3657F7601F8B13210006706D /* Info.plist */,
				3657F7611F8B13210006706D /* main.m */,
			);
			path = UIScrollview_contentOffset;
			sourceTree = "<group>";
		};
/* End PBXGroup section */

/* Begin PBXNativeTarget section */
		3657F74E1F8B13210006706D /* UIScrollview_contentOffset */ = {
			isa = PBXNativeTarget;
			buildConfigurationList = 3657F7651F8B13210006706D /* Build configuration list for PBXNativeTarget "UIScrollview_contentOffset" */;
			buildPhases = (
				3657F74B1F8B13210006706D /* Sources */,
				3657F74C1F8B13210006706D /* Frameworks */,
				3657F74D1F8B13210006706D /* Resources */,
			);
			buildRules = (
			);
			dependencies = (
			);
			name = UIScrollview_contentOffset;
			productName = UIScrollview_contentOffset;
			productReference = 3657F74F1F8B13210006706D /* UIScrollview_contentOffset.app */;
			productType = "com.apple.product-type.application";
		};
/* End PBXNativeTarget section */

/* Begin PBXProject section */
		3657F7471F8B13210006706D /* Project object */ = {
			isa = PBXProject;
			attributes = {
				CLASSPREFIX = LJM;
				LastUpgradeCheck = 0900;
				ORGANIZATIONNAME = ljm;
				TargetAttributes = {
					3657F74E1F8B13210006706D = {
						CreatedOnToolsVersion = 9.0;
						ProvisioningStyle = Automatic;
					};
				};
			};
			buildConfigurationList = 3657F74A1F8B13210006706D /* Build configuration list for PBXProject "UIScrollview_contentOffset" */;
			compatibilityVersion = "Xcode 8.0";
			developmentRegion = en;
			hasScannedForEncodings = 0;
			knownRegions = (
				en,
				Base,
			);
			mainGroup = 3657F7461F8B13210006706D;
			productRefGroup = 3657F7501F8B13210006706D /* Products */;
			projectDirPath = "";
			projectRoot = "";
			targets = (
				3657F74E1F8B13210006706D /* UIScrollview_contentOffset */,
			);
		};
/* End PBXProject section */

/* Begin PBXResourcesBuildPhase section */
		3657F74D1F8B13210006706D /* Resources */ = {
			isa = PBXResourcesBuildPhase;
			buildActionMask = 2147483647;
			files = (
				3657F75F1F8B13210006706D /* LaunchScreen.storyboard in Resources */,
				3657F75C1F8B13210006706D /* Assets.xcassets in Resources */,
				3657F75A1F8B13210006706D /* Main.storyboard in Resources */,
			);
			runOnlyForDeploymentPostprocessing = 0;
		};
/* End PBXResourcesBuildPhase section */

/* Begin PBXSourcesBuildPhase section */
		3657F74B1F8B13210006706D /* Sources */ = {
			isa = PBXSourcesBuildPhase;
			buildActionMask = 2147483647;
			files = (
				3657F7571F8B13210006706D /* ViewController.m in Sources */,
				3657F7621F8B13210006706D /* main.m in Sources */,
				3657F7541F8B13210006706D /* AppDelegate.m in Sources */,
			);
			runOnlyForDeploymentPostprocessing = 0;
		};
/* End PBXSourcesBuildPhase section */

/* Begin PBXVariantGroup section */
		3657F7581F8B13210006706D /* Main.storyboard */ = {
			isa = PBXVariantGroup;
			children = (
				3657F7591F8B13210006706D /* Base */,
			);
			name = Main.storyboard;
			sourceTree = "<group>";
		};
		3657F75D1F8B13210006706D /* LaunchScreen.storyboard */ = {
			isa = PBXVariantGroup;
			children = (
				3657F75E1F8B13210006706D /* Base */,
			);
			name = LaunchScreen.storyboard;
			sourceTree = "<group>";
		};
/* End PBXVariantGroup section */

/* Begin XCBuildConfiguration section */
		3657F7631F8B13210006706D /* Debug */ = {
			isa = XCBuildConfiguration;
			buildSettings = {
				ALWAYS_SEARCH_USER_PATHS = NO;
				CLANG_ANALYZER_NONNULL = YES;
				CLANG_ANALYZER_NUMBER_OBJECT_CONVERSION = YES_AGGRESSIVE;
				CLANG_CXX_LANGUAGE_STANDARD = "gnu++14";
				CLANG_CXX_LIBRARY = "libc++";
				CLANG_ENABLE_MODULES = YES;
				CLANG_ENABLE_OBJC_ARC = YES;
				CLANG_WARN_BLOCK_CAPTURE_AUTORELEASING = YES;
				CLANG_WARN_BOOL_CONVERSION = YES;
				CLANG_WARN_COMMA = YES;
				CLANG_WARN_CONSTANT_CONVERSION = YES;
				CLANG_WARN_DIRECT_OBJC_ISA_USAGE = YES_ERROR;
				CLANG_WARN_DOCUMENTATION_COMMENTS = YES;
				CLANG_WARN_EMPTY_BODY = YES;
				CLANG_WARN_ENUM_CONVERSION = YES;
				CLANG_WARN_INFINITE_RECURSION = YES;
				CLANG_WARN_INT_CONVERSION = YES;
				CLANG_WARN_NON_LITERAL_NULL_CONVERSION = YES;
				CLANG_WARN_OBJC_LITERAL_CONVERSION = YES;
				CLANG_WARN_OBJC_ROOT_CLASS = YES_ERROR;
				CLANG_WARN_RANGE_LOOP_ANALYSIS = YES;
				CLANG_WARN_STRICT_PROTOTYPES = YES;
				CLANG_WARN_SUSPICIOUS_MOVE = YES;
				CLANG_WARN_UNGUARDED_AVAILABILITY = YES_AGGRESSIVE;
				CLANG_WARN_UNREACHABLE_CODE = YES;
				CLANG_WARN__DUPLICATE_METHOD_MATCH = YES;
				CODE_SIGN_IDENTITY = "iPhone Developer";
				COPY_PHASE_STRIP = NO;
				DEBUG_INFORMATION_FORMAT = dwarf;
				ENABLE_STRICT_OBJC_MSGSEND = YES;
				ENABLE_TESTABILITY = YES;
				GCC_C_LANGUAGE_STANDARD = gnu11;
				GCC_DYNAMIC_NO_PIC = NO;
				GCC_NO_COMMON_BLOCKS = YES;
				GCC_OPTIMIZATION_LEVEL = 0;
				GCC_PREPROCESSOR_DEFINITIONS = (
					"DEBUG=1",
					"$(inherited)",
				);
				GCC_WARN_64_TO_32_BIT_CONVERSION = YES;
				GCC_WARN_ABOUT_RETURN_TYPE = YES_ERROR;
				GCC_WARN_UNDECLARED_SELECTOR = YES;
				GCC_WARN_UNINITIALIZED_AUTOS = YES_AGGRESSIVE;
				GCC_WARN_UNUSED_FUNCTION = YES;
				GCC_WARN_UNUSED_VARIABLE = YES;
				IPHONEOS_DEPLOYMENT_TARGET = 11.0;
				MTL_ENABLE_DEBUG_INFO = YES;
				ONLY_ACTIVE_ARCH = YES;
				SDKROOT = iphoneos;
			};
			name = Debug;
		};
		3657F7641F8B13210006706D /* Release */ = {
			isa = XCBuildConfiguration;
			buildSettings = {
				ALWAYS_SEARCH_USER_PATHS = NO;
				CLANG_ANALYZER_NONNULL = YES;
				CLANG_ANALYZER_NUMBER_OBJECT_CONVERSION = YES_AGGRESSIVE;
				CLANG_CXX_LANGUAGE_STANDARD = "gnu++14";
				CLANG_CXX_LIBRARY = "libc++";
				CLANG_ENABLE_MODULES = YES;
				CLANG_ENABLE_OBJC_ARC = YES;
				CLANG_WARN_BLOCK_CAPTURE_AUTORELEASING = YES;
				CLANG_WARN_BOOL_CONVERSION = YES;
				CLANG_WARN_COMMA = YES;
				CLANG_WARN_CONSTANT_CONVERSION = YES;
				CLANG_WARN_DIRECT_OBJC_ISA_USAGE = YES_ERROR;
				CLANG_WARN_DOCUMENTATION_COMMENTS = YES;
				CLANG_WARN_EMPTY_BODY = YES;
				CLANG_WARN_ENUM_CONVERSION = YES;
				CLANG_WARN_INFINITE_RECURSION = YES;
				CLANG_WARN_INT_CONVERSION = YES;
				CLANG_WARN_NON_LITERAL_NULL_CONVERSION = YES;
				CLANG_WARN_OBJC_LITERAL_CONVERSION = YES;
				CLANG_WARN_OBJC_ROOT_CLASS = YES_ERROR;
				CLANG_WARN_RANGE_LOOP_ANALYSIS = YES;
				CLANG_WARN_STRICT_PROTOTYPES = YES;
				CLANG_WARN_SUSPICIOUS_MOVE = YES;
				CLANG_WARN_UNGUARDED_AVAILABILITY = YES_AGGRESSIVE;
				CLANG_WARN_UNREACHABLE_CODE = YES;
				CLANG_WARN__DUPLICATE_METHOD_MATCH = YES;
				CODE_SIGN_IDENTITY = "iPhone Developer";
				COPY_PHASE_STRIP = NO;
				DEBUG_INFORMATION_FORMAT = "dwarf-with-dsym";
				ENABLE_NS_ASSERTIONS = NO;
				ENABLE_STRICT_OBJC_MSGSEND = YES;
				GCC_C_LANGUAGE_STANDARD = gnu11;
				GCC_NO_COMMON_BLOCKS = YES;
				GCC_WARN_64_TO_32_BIT_CONVERSION = YES;
				GCC_WARN_ABOUT_RETURN_TYPE = YES_ERROR;
				GCC_WARN_UNDECLARED_SELECTOR = YES;
				GCC_WARN_UNINITIALIZED_AUTOS = YES_AGGRESSIVE;
				GCC_WARN_UNUSED_FUNCTION = YES;
				GCC_WARN_UNUSED_VARIABLE = YES;
				IPHONEOS_DEPLOYMENT_TARGET = 11.0;
				MTL_ENABLE_DEBUG_INFO = NO;
				SDKROOT = iphoneos;
				VALIDATE_PRODUCT = YES;
			};
			name = Release;
		};
		3657F7661F8B13210006706D /* Debug */ = {
			isa = XCBuildConfiguration;
			buildSettings = {
				ASSETCATALOG_COMPILER_APPICON_NAME = AppIcon;
				CODE_SIGN_STYLE = Automatic;
				DEVELOPMENT_TEAM = 2PC8J9MPF4;
				INFOPLIST_FILE = UIScrollview_contentOffset/Info.plist;
				LD_RUNPATH_SEARCH_PATHS = "$(inherited) @executable_path/Frameworks";
				PRODUCT_BUNDLE_IDENTIFIER = "com.ljm.UIScrollview-contentOffset";
				PRODUCT_NAME = "$(TARGET_NAME)";
				TARGETED_DEVICE_FAMILY = "1,2";
			};
			name = Debug;
		};
		3657F7671F8B13210006706D /* Release */ = {
			isa = XCBuildConfiguration;
			buildSettings = {
				ASSETCATALOG_COMPILER_APPICON_NAME = AppIcon;
				CODE_SIGN_STYLE = Automatic;
				DEVELOPMENT_TEAM = 2PC8J9MPF4;
				INFOPLIST_FILE = UIScrollview_contentOffset/Info.plist;
				LD_RUNPATH_SEARCH_PATHS = "$(inherited) @executable_path/Frameworks";
				PRODUCT_BUNDLE_IDENTIFIER = "com.ljm.UIScrollview-contentOffset";
				PRODUCT_NAME = "$(TARGET_NAME)";
				TARGETED_DEVICE_FAMILY = "1,2";
			};
			name = Release;
		};
/* End XCBuildConfiguration section */

/* Begin XCConfigurationList section */
		3657F74A1F8B13210006706D /* Build configuration list for PBXProject "UIScrollview_contentOffset" */ = {
			isa = XCConfigurationList;
			buildConfigurations = (
				3657F7631F8B13210006706D /* Debug */,
				3657F7641F8B13210006706D /* Release */,
			);
			defaultConfigurationIsVisible = 0;
			defaultConfigurationName = Release;
		};
		3657F7651F8B13210006706D /* Build configuration list for PBXNativeTarget "UIScrollview_contentOffset" */ = {
			isa = XCConfigurationList;
			buildConfigurations = (
				3657F7661F8B13210006706D /* Debug */,
				3657F7671F8B13210006706D /* Release */,
			);
			defaultConfigurationIsVisible = 0;
			defaultConfigurationName = Release;
		};
/* End XCConfigurationList section */
	};
	rootObject = 3657F7471F8B13210006706D /* Project object */;
}
